
Microsoft Visual Studio Solution File, Format Version 12.00
# Visual Studio Version 17
VisualStudioVersion = 17.13.35931.197 d17.13
MinimumVisualStudioVersion = 10.0.40219.1
Project("{FAE04EC0-301F-11D3-BF4B-00C04F79EFBC}") = "asp_net_mvc_lab1", "asp_net_mvc_lab1\asp_net_mvc_lab1.csproj", "{69804896-7482-499C-BC60-AE22BB7AF17B}"
EndProject
Global
	GlobalSection(SolutionConfigurationPlatforms) = preSolution
		Debug|Any CPU = Debug|Any CPU
		Release|Any CPU = Release|Any CPU
	EndGlobalSection
	GlobalSection(ProjectConfigurationPlatforms) = postSolution
		{69804896-7482-499C-BC60-AE22BB7AF17B}.Debug|Any CPU.ActiveCfg = Debug|Any CPU
		{69804896-7482-499C-BC60-AE22BB7AF17B}.Debug|Any CPU.Build.0 = Debug|Any CPU
		{69804896-7482-499C-BC60-AE22BB7AF17B}.Release|Any CPU.ActiveCfg = Release|Any CPU
		{69804896-7482-499C-BC60-AE22BB7AF17B}.Release|Any CPU.Build.0 = Release|Any CPU
	EndGlobalSection
	GlobalSection(SolutionProperties) = preSolution
		HideSolutionNode = FALSE
	EndGlobalSection
	GlobalSection(ExtensibilityGlobals) = postSolution
		SolutionGuid = {A5D35809-2008-46C6-B8E8-849B23441036}
	EndGlobalSection
EndGlobal
